
Microsoft Visual Studio Solution File, Format Version 12.00
# Visual Studio Version 17
VisualStudioVersion = 17.2.32616.157
MinimumVisualStudioVersion = 10.0.40219.1
Project("{FAE04EC0-301F-11D3-BF4B-00C04F79EFBC}") = "Formulaires.Android", "Formulaires.Android\Formulaires.Android.csproj", "{23657EB8-C1DA-4809-AE6B-C1411519DDBD}"
EndProject
Project("{FAE04EC0-301F-11D3-BF4B-00C04F79EFBC}") = "Formulaires.iOS", "Formulaires.iOS\Formulaires.iOS.csproj", "{351E3AC5-7271-4B59-AD68-71AB95AF87C5}"
EndProject
Project("{FAE04EC0-301F-11D3-BF4B-00C04F79EFBC}") = "Formulaires", "Formulaires\Formulaires.csproj", "{934D6AD0-3C28-40D6-8A48-D0527486AE64}"
EndProject
Global
	GlobalSection(SolutionConfigurationPlatforms) = preSolution
		Debug|Any CPU = Debug|Any CPU
		Debug|iPhone = Debug|iPhone
		Debug|iPhoneSimulator = Debug|iPhoneSimulator
		Release|Any CPU = Release|Any CPU
		Release|iPhone = Release|iPhone
		Release|iPhoneSimulator = Release|iPhoneSimulator
	EndGlobalSection
	GlobalSection(ProjectConfigurationPlatforms) = postSolution
		{23657EB8-C1DA-4809-AE6B-C1411519DDBD}.Debug|Any CPU.ActiveCfg = Debug|Any CPU
		{23657EB8-C1DA-4809-AE6B-C1411519DDBD}.Debug|Any CPU.Build.0 = Debug|Any CPU
		{23657EB8-C1DA-4809-AE6B-C1411519DDBD}.Debug|Any CPU.Deploy.0 = Debug|Any CPU
		{23657EB8-C1DA-4809-AE6B-C1411519DDBD}.Debug|iPhone.ActiveCfg = Debug|Any CPU
		{23657EB8-C1DA-4809-AE6B-C1411519DDBD}.Debug|iPhone.Build.0 = Debug|Any CPU
		{23657EB8-C1DA-4809-AE6B-C1411519DDBD}.Debug|iPhone.Deploy.0 = Debug|Any CPU
		{23657EB8-C1DA-4809-AE6B-C1411519DDBD}.Debug|iPhoneSimulator.ActiveCfg = Debug|Any CPU
		{23657EB8-C1DA-4809-AE6B-C1411519DDBD}.Debug|iPhoneSimulator.Build.0 = Debug|Any CPU
		{23657EB8-C1DA-4809-AE6B-C1411519DDBD}.Debug|iPhoneSimulator.Deploy.0 = Debug|Any CPU
		{23657EB8-C1DA-4809-AE6B-C1411519DDBD}.Release|Any CPU.ActiveCfg = Release|Any CPU
		{23657EB8-C1DA-4809-AE6B-C1411519DDBD}.Release|Any CPU.Build.0 = Release|Any CPU
		{23657EB8-C1DA-4809-AE6B-C1411519DDBD}.Release|Any CPU.Deploy.0 = Release|Any CPU
		{23657EB8-C1DA-4809-AE6B-C1411519DDBD}.Release|iPhone.ActiveCfg = Release|Any CPU
		{23657EB8-C1DA-4809-AE6B-C1411519DDBD}.Release|iPhone.Build.0 = Release|Any CPU
		{23657EB8-C1DA-4809-AE6B-C1411519DDBD}.Release|iPhone.Deploy.0 = Release|Any CPU
		{23657EB8-C1DA-4809-AE6B-C1411519DDBD}.Release|iPhoneSimulator.ActiveCfg = Release|Any CPU
		{23657EB8-C1DA-4809-AE6B-C1411519DDBD}.Release|iPhoneSimulator.Build.0 = Release|Any CPU
		{23657EB8-C1DA-4809-AE6B-C1411519DDBD}.Release|iPhoneSimulator.Deploy.0 = Release|Any CPU
		{351E3AC5-7271-4B59-AD68-71AB95AF87C5}.Debug|Any CPU.ActiveCfg = Debug|iPhone
		{351E3AC5-7271-4B59-AD68-71AB95AF87C5}.Debug|Any CPU.Build.0 = Debug|iPhone
		{351E3AC5-7271-4B59-AD68-71AB95AF87C5}.Debug|Any CPU.Deploy.0 = Debug|iPhone
		{351E3AC5-7271-4B59-AD68-71AB95AF87C5}.Debug|iPhone.ActiveCfg = Debug|iPhone
		{351E3AC5-7271-4B59-AD68-71AB95AF87C5}.Debug|iPhone.Build.0 = Debug|iPhone
		{351E3AC5-7271-4B59-AD68-71AB95AF87C5}.Debug|iPhone.Deploy.0 = Debug|iPhone
		{351E3AC5-7271-4B59-AD68-71AB95AF87C5}.Debug|iPhoneSimulator.ActiveCfg = Debug|iPhoneSimulator
		{351E3AC5-7271-4B59-AD68-71AB95AF87C5}.Debug|iPhoneSimulator.Build.0 = Debug|iPhoneSimulator
		{351E3AC5-7271-4B59-AD68-71AB95AF87C5}.Debug|iPhoneSimulator.Deploy.0 = Debug|iPhoneSimulator
		{351E3AC5-7271-4B59-AD68-71AB95AF87C5}.Release|Any CPU.ActiveCfg = Release|iPhoneSimulator
		{351E3AC5-7271-4B59-AD68-71AB95AF87C5}.Release|Any CPU.Build.0 = Release|iPhoneSimulator
		{351E3AC5-7271-4B59-AD68-71AB95AF87C5}.Release|Any CPU.Deploy.0 = Release|iPhoneSimulator
		{351E3AC5-7271-4B59-AD68-71AB95AF87C5}.Release|iPhone.ActiveCfg = Release|iPhone
		{351E3AC5-7271-4B59-AD68-71AB95AF87C5}.Release|iPhone.Build.0 = Release|iPhone
		{351E3AC5-7271-4B59-AD68-71AB95AF87C5}.Release|iPhone.Deploy.0 = Release|iPhone
		{351E3AC5-7271-4B59-AD68-71AB95AF87C5}.Release|iPhoneSimulator.ActiveCfg = Release|iPhoneSimulator
		{351E3AC5-7271-4B59-AD68-71AB95AF87C5}.Release|iPhoneSimulator.Build.0 = Release|iPhoneSimulator
		{351E3AC5-7271-4B59-AD68-71AB95AF87C5}.Release|iPhoneSimulator.Deploy.0 = Release|iPhoneSimulator
		{934D6AD0-3C28-40D6-8A48-D0527486AE64}.Debug|Any CPU.ActiveCfg = Debug|Any CPU
		{934D6AD0-3C28-40D6-8A48-D0527486AE64}.Debug|Any CPU.Build.0 = Debug|Any CPU
		{934D6AD0-3C28-40D6-8A48-D0527486AE64}.Debug|Any CPU.Deploy.0 = Debug|Any CPU
		{934D6AD0-3C28-40D6-8A48-D0527486AE64}.Debug|iPhone.ActiveCfg = Debug|Any CPU
		{934D6AD0-3C28-40D6-8A48-D0527486AE64}.Debug|iPhone.Build.0 = Debug|Any CPU
		{934D6AD0-3C28-40D6-8A48-D0527486AE64}.Debug|iPhone.Deploy.0 = Debug|Any CPU
		{934D6AD0-3C28-40D6-8A48-D0527486AE64}.Debug|iPhoneSimulator.ActiveCfg = Debug|Any CPU
		{934D6AD0-3C28-40D6-8A48-D0527486AE64}.Debug|iPhoneSimulator.Build.0 = Debug|Any CPU
		{934D6AD0-3C28-40D6-8A48-D0527486AE64}.Debug|iPhoneSimulator.Deploy.0 = Debug|Any CPU
		{934D6AD0-3C28-40D6-8A48-D0527486AE64}.Release|Any CPU.ActiveCfg = Release|Any CPU
		{934D6AD0-3C28-40D6-8A48-D0527486AE64}.Release|Any CPU.Build.0 = Release|Any CPU
		{934D6AD0-3C28-40D6-8A48-D0527486AE64}.Release|Any CPU.Deploy.0 = Release|Any CPU
		{934D6AD0-3C28-40D6-8A48-D0527486AE64}.Release|iPhone.ActiveCfg = Release|Any CPU
		{934D6AD0-3C28-40D6-8A48-D0527486AE64}.Release|iPhone.Build.0 = Release|Any CPU
		{934D6AD0-3C28-40D6-8A48-D0527486AE64}.Release|iPhone.Deploy.0 = Release|Any CPU
		{934D6AD0-3C28-40D6-8A48-D0527486AE64}.Release|iPhoneSimulator.ActiveCfg = Release|Any CPU
		{934D6AD0-3C28-40D6-8A48-D0527486AE64}.Release|iPhoneSimulator.Build.0 = Release|Any CPU
		{934D6AD0-3C28-40D6-8A48-D0527486AE64}.Release|iPhoneSimulator.Deploy.0 = Release|Any CPU
	EndGlobalSection
	GlobalSection(SolutionProperties) = preSolution
		HideSolutionNode = FALSE
	EndGlobalSection
	GlobalSection(ExtensibilityGlobals) = postSolution
		SolutionGuid = {36557E71-0A98-4077-B2D8-E9CFA6682CA2}
	EndGlobalSection
EndGlobal
