
Microsoft Visual Studio Solution File, Format Version 12.00
# Visual Studio Version 17
VisualStudioVersion = 17.2.32630.192
MinimumVisualStudioVersion = 10.0.40219.1
Project("{FAE04EC0-301F-11D3-BF4B-00C04F79EFBC}") = "DataAccess.Android", "DataAccess.Android\DataAccess.Android.csproj", "{9042BAAF-6280-41B5-99DF-E9C43DEC7AAA}"
EndProject
Project("{FAE04EC0-301F-11D3-BF4B-00C04F79EFBC}") = "DataAccess.iOS", "DataAccess.iOS\DataAccess.iOS.csproj", "{704B8674-6D4A-4872-9118-B159D107A380}"
EndProject
Project("{FAE04EC0-301F-11D3-BF4B-00C04F79EFBC}") = "DataAccess", "DataAccess\DataAccess.csproj", "{77FCF80F-7465-4766-B919-DDFEA41002B1}"
EndProject
Global
	GlobalSection(SolutionConfigurationPlatforms) = preSolution
		Debug|Any CPU = Debug|Any CPU
		Debug|iPhone = Debug|iPhone
		Debug|iPhoneSimulator = Debug|iPhoneSimulator
		Release|Any CPU = Release|Any CPU
		Release|iPhone = Release|iPhone
		Release|iPhoneSimulator = Release|iPhoneSimulator
	EndGlobalSection
	GlobalSection(ProjectConfigurationPlatforms) = postSolution
		{9042BAAF-6280-41B5-99DF-E9C43DEC7AAA}.Debug|Any CPU.ActiveCfg = Debug|Any CPU
		{9042BAAF-6280-41B5-99DF-E9C43DEC7AAA}.Debug|Any CPU.Build.0 = Debug|Any CPU
		{9042BAAF-6280-41B5-99DF-E9C43DEC7AAA}.Debug|Any CPU.Deploy.0 = Debug|Any CPU
		{9042BAAF-6280-41B5-99DF-E9C43DEC7AAA}.Debug|iPhone.ActiveCfg = Debug|Any CPU
		{9042BAAF-6280-41B5-99DF-E9C43DEC7AAA}.Debug|iPhone.Build.0 = Debug|Any CPU
		{9042BAAF-6280-41B5-99DF-E9C43DEC7AAA}.Debug|iPhone.Deploy.0 = Debug|Any CPU
		{9042BAAF-6280-41B5-99DF-E9C43DEC7AAA}.Debug|iPhoneSimulator.ActiveCfg = Debug|Any CPU
		{9042BAAF-6280-41B5-99DF-E9C43DEC7AAA}.Debug|iPhoneSimulator.Build.0 = Debug|Any CPU
		{9042BAAF-6280-41B5-99DF-E9C43DEC7AAA}.Debug|iPhoneSimulator.Deploy.0 = Debug|Any CPU
		{9042BAAF-6280-41B5-99DF-E9C43DEC7AAA}.Release|Any CPU.ActiveCfg = Release|Any CPU
		{9042BAAF-6280-41B5-99DF-E9C43DEC7AAA}.Release|Any CPU.Build.0 = Release|Any CPU
		{9042BAAF-6280-41B5-99DF-E9C43DEC7AAA}.Release|Any CPU.Deploy.0 = Release|Any CPU
		{9042BAAF-6280-41B5-99DF-E9C43DEC7AAA}.Release|iPhone.ActiveCfg = Release|Any CPU
		{9042BAAF-6280-41B5-99DF-E9C43DEC7AAA}.Release|iPhone.Build.0 = Release|Any CPU
		{9042BAAF-6280-41B5-99DF-E9C43DEC7AAA}.Release|iPhone.Deploy.0 = Release|Any CPU
		{9042BAAF-6280-41B5-99DF-E9C43DEC7AAA}.Release|iPhoneSimulator.ActiveCfg = Release|Any CPU
		{9042BAAF-6280-41B5-99DF-E9C43DEC7AAA}.Release|iPhoneSimulator.Build.0 = Release|Any CPU
		{9042BAAF-6280-41B5-99DF-E9C43DEC7AAA}.Release|iPhoneSimulator.Deploy.0 = Release|Any CPU
		{704B8674-6D4A-4872-9118-B159D107A380}.Debug|Any CPU.ActiveCfg = Debug|iPhone
		{704B8674-6D4A-4872-9118-B159D107A380}.Debug|Any CPU.Build.0 = Debug|iPhone
		{704B8674-6D4A-4872-9118-B159D107A380}.Debug|Any CPU.Deploy.0 = Debug|iPhone
		{704B8674-6D4A-4872-9118-B159D107A380}.Debug|iPhone.ActiveCfg = Debug|iPhone
		{704B8674-6D4A-4872-9118-B159D107A380}.Debug|iPhone.Build.0 = Debug|iPhone
		{704B8674-6D4A-4872-9118-B159D107A380}.Debug|iPhone.Deploy.0 = Debug|iPhone
		{704B8674-6D4A-4872-9118-B159D107A380}.Debug|iPhoneSimulator.ActiveCfg = Debug|iPhoneSimulator
		{704B8674-6D4A-4872-9118-B159D107A380}.Debug|iPhoneSimulator.Build.0 = Debug|iPhoneSimulator
		{704B8674-6D4A-4872-9118-B159D107A380}.Debug|iPhoneSimulator.Deploy.0 = Debug|iPhoneSimulator
		{704B8674-6D4A-4872-9118-B159D107A380}.Release|Any CPU.ActiveCfg = Release|iPhoneSimulator
		{704B8674-6D4A-4872-9118-B159D107A380}.Release|Any CPU.Build.0 = Release|iPhoneSimulator
		{704B8674-6D4A-4872-9118-B159D107A380}.Release|Any CPU.Deploy.0 = Release|iPhoneSimulator
		{704B8674-6D4A-4872-9118-B159D107A380}.Release|iPhone.ActiveCfg = Release|iPhone
		{704B8674-6D4A-4872-9118-B159D107A380}.Release|iPhone.Build.0 = Release|iPhone
		{704B8674-6D4A-4872-9118-B159D107A380}.Release|iPhone.Deploy.0 = Release|iPhone
		{704B8674-6D4A-4872-9118-B159D107A380}.Release|iPhoneSimulator.ActiveCfg = Release|iPhoneSimulator
		{704B8674-6D4A-4872-9118-B159D107A380}.Release|iPhoneSimulator.Build.0 = Release|iPhoneSimulator
		{704B8674-6D4A-4872-9118-B159D107A380}.Release|iPhoneSimulator.Deploy.0 = Release|iPhoneSimulator
		{77FCF80F-7465-4766-B919-DDFEA41002B1}.Debug|Any CPU.ActiveCfg = Debug|Any CPU
		{77FCF80F-7465-4766-B919-DDFEA41002B1}.Debug|Any CPU.Build.0 = Debug|Any CPU
		{77FCF80F-7465-4766-B919-DDFEA41002B1}.Debug|Any CPU.Deploy.0 = Debug|Any CPU
		{77FCF80F-7465-4766-B919-DDFEA41002B1}.Debug|iPhone.ActiveCfg = Debug|Any CPU
		{77FCF80F-7465-4766-B919-DDFEA41002B1}.Debug|iPhone.Build.0 = Debug|Any CPU
		{77FCF80F-7465-4766-B919-DDFEA41002B1}.Debug|iPhone.Deploy.0 = Debug|Any CPU
		{77FCF80F-7465-4766-B919-DDFEA41002B1}.Debug|iPhoneSimulator.ActiveCfg = Debug|Any CPU
		{77FCF80F-7465-4766-B919-DDFEA41002B1}.Debug|iPhoneSimulator.Build.0 = Debug|Any CPU
		{77FCF80F-7465-4766-B919-DDFEA41002B1}.Debug|iPhoneSimulator.Deploy.0 = Debug|Any CPU
		{77FCF80F-7465-4766-B919-DDFEA41002B1}.Release|Any CPU.ActiveCfg = Release|Any CPU
		{77FCF80F-7465-4766-B919-DDFEA41002B1}.Release|Any CPU.Build.0 = Release|Any CPU
		{77FCF80F-7465-4766-B919-DDFEA41002B1}.Release|Any CPU.Deploy.0 = Release|Any CPU
		{77FCF80F-7465-4766-B919-DDFEA41002B1}.Release|iPhone.ActiveCfg = Release|Any CPU
		{77FCF80F-7465-4766-B919-DDFEA41002B1}.Release|iPhone.Build.0 = Release|Any CPU
		{77FCF80F-7465-4766-B919-DDFEA41002B1}.Release|iPhone.Deploy.0 = Release|Any CPU
		{77FCF80F-7465-4766-B919-DDFEA41002B1}.Release|iPhoneSimulator.ActiveCfg = Release|Any CPU
		{77FCF80F-7465-4766-B919-DDFEA41002B1}.Release|iPhoneSimulator.Build.0 = Release|Any CPU
		{77FCF80F-7465-4766-B919-DDFEA41002B1}.Release|iPhoneSimulator.Deploy.0 = Release|Any CPU
	EndGlobalSection
	GlobalSection(SolutionProperties) = preSolution
		HideSolutionNode = FALSE
	EndGlobalSection
	GlobalSection(ExtensibilityGlobals) = postSolution
		SolutionGuid = {3104272E-23DD-408A-AE2D-B3D02EDFB3FA}
	EndGlobalSection
EndGlobal
